
Microsoft Visual Studio Solution File, Format Version 12.00
# Visual Studio Version 16
VisualStudioVersion = 16.0.29102.190
MinimumVisualStudioVersion = 10.0.40219.1
Project("{FAE04EC0-301F-11D3-BF4B-00C04F79EFBC}") = "KinectFMT", "KinectFMT.csproj", "{99EB06DE-F966-48B6-8FAB-6C138FC14843}"
EndProject
Project("{54435603-DBB4-11D2-8724-00A0C9A8B90C}") = "Setup", "Setup\Setup.vdproj", "{665B27A0-A4A9-4353-B377-AD518688F187}"
EndProject
Global
	GlobalSection(SolutionConfigurationPlatforms) = preSolution
		Debug|Any CPU = Debug|Any CPU
		Debug|x64 = Debug|x64
		Release|Any CPU = Release|Any CPU
		Release|x64 = Release|x64
	EndGlobalSection
	GlobalSection(ProjectConfigurationPlatforms) = postSolution
		{99EB06DE-F966-48B6-8FAB-6C138FC14843}.Debug|Any CPU.ActiveCfg = Debug|Any CPU
		{99EB06DE-F966-48B6-8FAB-6C138FC14843}.Debug|Any CPU.Build.0 = Debug|Any CPU
		{99EB06DE-F966-48B6-8FAB-6C138FC14843}.Debug|x64.ActiveCfg = Debug|x64
		{99EB06DE-F966-48B6-8FAB-6C138FC14843}.Debug|x64.Build.0 = Debug|x64
		{99EB06DE-F966-48B6-8FAB-6C138FC14843}.Release|Any CPU.ActiveCfg = Release|Any CPU
		{99EB06DE-F966-48B6-8FAB-6C138FC14843}.Release|Any CPU.Build.0 = Release|Any CPU
		{99EB06DE-F966-48B6-8FAB-6C138FC14843}.Release|x64.ActiveCfg = Release|x64
		{99EB06DE-F966-48B6-8FAB-6C138FC14843}.Release|x64.Build.0 = Release|x64
		{665B27A0-A4A9-4353-B377-AD518688F187}.Debug|Any CPU.ActiveCfg = Debug
		{665B27A0-A4A9-4353-B377-AD518688F187}.Debug|x64.ActiveCfg = Debug
		{665B27A0-A4A9-4353-B377-AD518688F187}.Release|Any CPU.ActiveCfg = Release
		{665B27A0-A4A9-4353-B377-AD518688F187}.Release|Any CPU.Build.0 = Release
		{665B27A0-A4A9-4353-B377-AD518688F187}.Release|x64.ActiveCfg = Release
	EndGlobalSection
	GlobalSection(SolutionProperties) = preSolution
		HideSolutionNode = FALSE
	EndGlobalSection
	GlobalSection(ExtensibilityGlobals) = postSolution
		SolutionGuid = {E56260D6-EE86-4BBF-BDA9-668A7C0D121A}
	EndGlobalSection
EndGlobal
